
Microsoft Visual Studio Solution File, Format Version 12.00
# Visual Studio Version 16
VisualStudioVersion = 16.0.29911.84
MinimumVisualStudioVersion = 10.0.40219.1
Project("{FAE04EC0-301F-11D3-BF4B-00C04F79EFBC}") = "AppendBenchmark", "AppendBenchmark.csproj", "{13A64AAD-5DFB-4CDF-B33E-5C8231B8A32B}"
EndProject
Global
	GlobalSection(SolutionConfigurationPlatforms) = preSolution
		Debug|Any CPU = Debug|Any CPU
		Release|Any CPU = Release|Any CPU
	EndGlobalSection
	GlobalSection(ProjectConfigurationPlatforms) = postSolution
		{13A64AAD-5DFB-4CDF-B33E-5C8231B8A32B}.Debug|Any CPU.ActiveCfg = Debug|Any CPU
		{13A64AAD-5DFB-4CDF-B33E-5C8231B8A32B}.Debug|Any CPU.Build.0 = Debug|Any CPU
		{13A64AAD-5DFB-4CDF-B33E-5C8231B8A32B}.Release|Any CPU.ActiveCfg = Release|Any CPU
		{13A64AAD-5DFB-4CDF-B33E-5C8231B8A32B}.Release|Any CPU.Build.0 = Release|Any CPU
	EndGlobalSection
	GlobalSection(SolutionProperties) = preSolution
		HideSolutionNode = FALSE
	EndGlobalSection
	GlobalSection(ExtensibilityGlobals) = postSolution
		SolutionGuid = {E41704FA-2FFC-48AE-B939-109E4D623693}
	EndGlobalSection
EndGlobal
